// !$*UTF8*$!
{
	archiveVersion = 1;
	classes = {
	};
	objectVersion = 50;
	objects = {

/* Begin PBXBuildFile section */
		A661D6F524CCD4C600E59AE0 /* AppDelegate.swift in Sources */ = {isa = PBXBuildFile; fileRef = A661D6F424CCD4C600E59AE0 /* AppDelegate.swift */; };
		A661D6F724CCD4C600E59AE0 /* SceneDelegate.swift in Sources */ = {isa = PBXBuildFile; fileRef = A661D6F624CCD4C600E59AE0 /* SceneDelegate.swift */; };
		A661D6FA24CCD4C600E59AE0 /* ComprasUSA.xcdatamodeld in Sources */ = {isa = PBXBuildFile; fileRef = A661D6F824CCD4C600E59AE0 /* ComprasUSA.xcdatamodeld */; };
		A661D6FC24CCD4C600E59AE0 /* ContentView.swift in Sources */ = {isa = PBXBuildFile; fileRef = A661D6FB24CCD4C600E59AE0 /* ContentView.swift */; };
		A661D6FE24CCD4C700E59AE0 /* Assets.xcassets in Resources */ = {isa = PBXBuildFile; fileRef = A661D6FD24CCD4C700E59AE0 /* Assets.xcassets */; };
		A661D70124CCD4C700E59AE0 /* Preview Assets.xcassets in Resources */ = {isa = PBXBuildFile; fileRef = A661D70024CCD4C700E59AE0 /* Preview Assets.xcassets */; };
		A661D70424CCD4C700E59AE0 /* ComprasUSA.storyboard in Resources */ = {isa = PBXBuildFile; fileRef = A661D70224CCD4C700E59AE0 /* ComprasUSA.storyboard */; };
		A661D70C24CCE34B00E59AE0 /* ViewController.swift in Sources */ = {isa = PBXBuildFile; fileRef = A661D70B24CCE34B00E59AE0 /* ViewController.swift */; };
		A661D70E24CCEBE100E59AE0 /* ComprasTableViewController.swift in Sources */ = {isa = PBXBuildFile; fileRef = A661D70D24CCEBE100E59AE0 /* ComprasTableViewController.swift */; };
		A661D71024CCF0B600E59AE0 /* Compra.swift in Sources */ = {isa = PBXBuildFile; fileRef = A661D70F24CCF0B600E59AE0 /* Compra.swift */; };
		A661D71424CDB5B800E59AE0 /* CompraTableViewCell.swift in Sources */ = {isa = PBXBuildFile; fileRef = A661D71324CDB5B800E59AE0 /* CompraTableViewCell.swift */; };
		A661D71624CDC51B00E59AE0 /* CompraViewController.swift in Sources */ = {isa = PBXBuildFile; fileRef = A661D71524CDC51B00E59AE0 /* CompraViewController.swift */; };
		A661D71824CDD7B300E59AE0 /* CompraRegisterViewController.swift in Sources */ = {isa = PBXBuildFile; fileRef = A661D71724CDD7B300E59AE0 /* CompraRegisterViewController.swift */; };
		A661D71A24CDD7D700E59AE0 /* EstadosViewController.swift in Sources */ = {isa = PBXBuildFile; fileRef = A661D71924CDD7D700E59AE0 /* EstadosViewController.swift */; };
		A661D71C24CE57C400E59AE0 /* UIViewController+CoreData.swift in Sources */ = {isa = PBXBuildFile; fileRef = A661D71B24CE57C400E59AE0 /* UIViewController+CoreData.swift */; };
/* End PBXBuildFile section */

/* Begin PBXFileReference section */
		A661D6F124CCD4C600E59AE0 /* ComprasUSA.app */ = {isa = PBXFileReference; explicitFileType = wrapper.application; includeInIndex = 0; path = ComprasUSA.app; sourceTree = BUILT_PRODUCTS_DIR; };
		A661D6F424CCD4C600E59AE0 /* AppDelegate.swift */ = {isa = PBXFileReference; lastKnownFileType = sourcecode.swift; path = AppDelegate.swift; sourceTree = "<group>"; };
		A661D6F624CCD4C600E59AE0 /* SceneDelegate.swift */ = {isa = PBXFileReference; lastKnownFileType = sourcecode.swift; path = SceneDelegate.swift; sourceTree = "<group>"; };
		A661D6F924CCD4C600E59AE0 /* ComprasUSA.xcdatamodel */ = {isa = PBXFileReference; lastKnownFileType = wrapper.xcdatamodel; path = ComprasUSA.xcdatamodel; sourceTree = "<group>"; };
		A661D6FB24CCD4C600E59AE0 /* ContentView.swift */ = {isa = PBXFileReference; lastKnownFileType = sourcecode.swift; path = ContentView.swift; sourceTree = "<group>"; };
		A661D6FD24CCD4C700E59AE0 /* Assets.xcassets */ = {isa = PBXFileReference; lastKnownFileType = folder.assetcatalog; path = Assets.xcassets; sourceTree = "<group>"; };
		A661D70024CCD4C700E59AE0 /* Preview Assets.xcassets */ = {isa = PBXFileReference; lastKnownFileType = folder.assetcatalog; path = "Preview Assets.xcassets"; sourceTree = "<group>"; };
		A661D70324CCD4C700E59AE0 /* Base */ = {isa = PBXFileReference; lastKnownFileType = file.storyboard; name = Base; path = Base.lproj/ComprasUSA.storyboard; sourceTree = "<group>"; };
		A661D70524CCD4C700E59AE0 /* Info.plist */ = {isa = PBXFileReference; lastKnownFileType = text.plist.xml; path = Info.plist; sourceTree = "<group>"; };
		A661D70B24CCE34B00E59AE0 /* ViewController.swift */ = {isa = PBXFileReference; lastKnownFileType = sourcecode.swift; path = ViewController.swift; sourceTree = "<group>"; };
		A661D70D24CCEBE100E59AE0 /* ComprasTableViewController.swift */ = {isa = PBXFileReference; lastKnownFileType = sourcecode.swift; path = ComprasTableViewController.swift; sourceTree = "<group>"; };
		A661D70F24CCF0B600E59AE0 /* Compra.swift */ = {isa = PBXFileReference; lastKnownFileType = sourcecode.swift; path = Compra.swift; sourceTree = "<group>"; };
		A661D71324CDB5B800E59AE0 /* CompraTableViewCell.swift */ = {isa = PBXFileReference; lastKnownFileType = sourcecode.swift; path = CompraTableViewCell.swift; sourceTree = "<group>"; };
		A661D71524CDC51B00E59AE0 /* CompraViewController.swift */ = {isa = PBXFileReference; lastKnownFileType = sourcecode.swift; path = CompraViewController.swift; sourceTree = "<group>"; };
		A661D71724CDD7B300E59AE0 /* CompraRegisterViewController.swift */ = {isa = PBXFileReference; lastKnownFileType = sourcecode.swift; path = CompraRegisterViewController.swift; sourceTree = "<group>"; };
		A661D71924CDD7D700E59AE0 /* EstadosViewController.swift */ = {isa = PBXFileReference; lastKnownFileType = sourcecode.swift; path = EstadosViewController.swift; sourceTree = "<group>"; };
		A661D71B24CE57C400E59AE0 /* UIViewController+CoreData.swift */ = {isa = PBXFileReference; lastKnownFileType = sourcecode.swift; path = "UIViewController+CoreData.swift"; sourceTree = "<group>"; };
/* End PBXFileReference section */

/* Begin PBXFrameworksBuildPhase section */
		A661D6EE24CCD4C600E59AE0 /* Frameworks */ = {
			isa = PBXFrameworksBuildPhase;
			buildActionMask = 2147483647;
			files = (
			);
			runOnlyForDeploymentPostprocessing = 0;
		};
/* End PBXFrameworksBuildPhase section */

/* Begin PBXGroup section */
		A661D6E824CCD4C600E59AE0 = {
			isa = PBXGroup;
			children = (
				A661D6F324CCD4C600E59AE0 /* ComprasUSA */,
				A661D6F224CCD4C600E59AE0 /* Products */,
			);
			sourceTree = "<group>";
		};
		A661D6F224CCD4C600E59AE0 /* Products */ = {
			isa = PBXGroup;
			children = (
				A661D6F124CCD4C600E59AE0 /* ComprasUSA.app */,
			);
			name = Products;
			sourceTree = "<group>";
		};
		A661D6F324CCD4C600E59AE0 /* ComprasUSA */ = {
			isa = PBXGroup;
			children = (
				A661D6F424CCD4C600E59AE0 /* AppDelegate.swift */,
				A661D6F624CCD4C600E59AE0 /* SceneDelegate.swift */,
				A661D6FB24CCD4C600E59AE0 /* ContentView.swift */,
				A661D70B24CCE34B00E59AE0 /* ViewController.swift */,
				A661D70D24CCEBE100E59AE0 /* ComprasTableViewController.swift */,
				A661D71524CDC51B00E59AE0 /* CompraViewController.swift */,
				A661D71324CDB5B800E59AE0 /* CompraTableViewCell.swift */,
				A661D70F24CCF0B600E59AE0 /* Compra.swift */,
				A661D71724CDD7B300E59AE0 /* CompraRegisterViewController.swift */,
				A661D71924CDD7D700E59AE0 /* EstadosViewController.swift */,
				A661D71B24CE57C400E59AE0 /* UIViewController+CoreData.swift */,
				A661D70224CCD4C700E59AE0 /* ComprasUSA.storyboard */,
				A661D6FD24CCD4C700E59AE0 /* Assets.xcassets */,
				A661D70524CCD4C700E59AE0 /* Info.plist */,
				A661D6F824CCD4C600E59AE0 /* ComprasUSA.xcdatamodeld */,
				A661D6FF24CCD4C700E59AE0 /* Preview Content */,
			);
			path = ComprasUSA;
			sourceTree = "<group>";
		};
		A661D6FF24CCD4C700E59AE0 /* Preview Content */ = {
			isa = PBXGroup;
			children = (
				A661D70024CCD4C700E59AE0 /* Preview Assets.xcassets */,
			);
			path = "Preview Content";
			sourceTree = "<group>";
		};
/* End PBXGroup section */

/* Begin PBXNativeTarget section */
		A661D6F024CCD4C600E59AE0 /* ComprasUSA */ = {
			isa = PBXNativeTarget;
			buildConfigurationList = A661D70824CCD4C700E59AE0 /* Build configuration list for PBXNativeTarget "ComprasUSA" */;
			buildPhases = (
				A661D6ED24CCD4C600E59AE0 /* Sources */,
				A661D6EE24CCD4C600E59AE0 /* Frameworks */,
				A661D6EF24CCD4C600E59AE0 /* Resources */,
			);
			buildRules = (
			);
			dependencies = (
			);
			name = ComprasUSA;
			productName = ComprasUSA;
			productReference = A661D6F124CCD4C600E59AE0 /* ComprasUSA.app */;
			productType = "com.apple.product-type.application";
		};
/* End PBXNativeTarget section */

/* Begin PBXProject section */
		A661D6E924CCD4C600E59AE0 /* Project object */ = {
			isa = PBXProject;
			attributes = {
				LastSwiftUpdateCheck = 1150;
				LastUpgradeCheck = 1150;
				ORGANIZATIONNAME = FIAP;
				TargetAttributes = {
					A661D6F024CCD4C600E59AE0 = {
						CreatedOnToolsVersion = 11.5;
					};
				};
			};
			buildConfigurationList = A661D6EC24CCD4C600E59AE0 /* Build configuration list for PBXProject "ComprasUSA" */;
			compatibilityVersion = "Xcode 9.3";
			developmentRegion = en;
			hasScannedForEncodings = 0;
			knownRegions = (
				en,
				Base,
			);
			mainGroup = A661D6E824CCD4C600E59AE0;
			productRefGroup = A661D6F224CCD4C600E59AE0 /* Products */;
			projectDirPath = "";
			projectRoot = "";
			targets = (
				A661D6F024CCD4C600E59AE0 /* ComprasUSA */,
			);
		};
/* End PBXProject section */

/* Begin PBXResourcesBuildPhase section */
		A661D6EF24CCD4C600E59AE0 /* Resources */ = {
			isa = PBXResourcesBuildPhase;
			buildActionMask = 2147483647;
			files = (
				A661D70424CCD4C700E59AE0 /* ComprasUSA.storyboard in Resources */,
				A661D70124CCD4C700E59AE0 /* Preview Assets.xcassets in Resources */,
				A661D6FE24CCD4C700E59AE0 /* Assets.xcassets in Resources */,
			);
			runOnlyForDeploymentPostprocessing = 0;
		};
/* End PBXResourcesBuildPhase section */

/* Begin PBXSourcesBuildPhase section */
		A661D6ED24CCD4C600E59AE0 /* Sources */ = {
			isa = PBXSourcesBuildPhase;
			buildActionMask = 2147483647;
			files = (
				A661D70C24CCE34B00E59AE0 /* ViewController.swift in Sources */,
				A661D71424CDB5B800E59AE0 /* CompraTableViewCell.swift in Sources */,
				A661D6F524CCD4C600E59AE0 /* AppDelegate.swift in Sources */,
				A661D71824CDD7B300E59AE0 /* CompraRegisterViewController.swift in Sources */,
				A661D6FA24CCD4C600E59AE0 /* ComprasUSA.xcdatamodeld in Sources */,
				A661D6FC24CCD4C600E59AE0 /* ContentView.swift in Sources */,
				A661D70E24CCEBE100E59AE0 /* ComprasTableViewController.swift in Sources */,
				A661D71624CDC51B00E59AE0 /* CompraViewController.swift in Sources */,
				A661D71A24CDD7D700E59AE0 /* EstadosViewController.swift in Sources */,
				A661D71C24CE57C400E59AE0 /* UIViewController+CoreData.swift in Sources */,
				A661D6F724CCD4C600E59AE0 /* SceneDelegate.swift in Sources */,
				A661D71024CCF0B600E59AE0 /* Compra.swift in Sources */,
			);
			runOnlyForDeploymentPostprocessing = 0;
		};
/* End PBXSourcesBuildPhase section */

/* Begin PBXVariantGroup section */
		A661D70224CCD4C700E59AE0 /* ComprasUSA.storyboard */ = {
			isa = PBXVariantGroup;
			children = (
				A661D70324CCD4C700E59AE0 /* Base */,
			);
			name = ComprasUSA.storyboard;
			sourceTree = "<group>";
		};
/* End PBXVariantGroup section */

/* Begin XCBuildConfiguration section */
		A661D70624CCD4C700E59AE0 /* Debug */ = {
			isa = XCBuildConfiguration;
			buildSettings = {
				ALWAYS_SEARCH_USER_PATHS = NO;
				CLANG_ANALYZER_NONNULL = YES;
				CLANG_ANALYZER_NUMBER_OBJECT_CONVERSION = YES_AGGRESSIVE;
				CLANG_CXX_LANGUAGE_STANDARD = "gnu++14";
				CLANG_CXX_LIBRARY = "libc++";
				CLANG_ENABLE_MODULES = YES;
				CLANG_ENABLE_OBJC_ARC = YES;
				CLANG_ENABLE_OBJC_WEAK = YES;
				CLANG_WARN_BLOCK_CAPTURE_AUTORELEASING = YES;
				CLANG_WARN_BOOL_CONVERSION = YES;
				CLANG_WARN_COMMA = YES;
				CLANG_WARN_CONSTANT_CONVERSION = YES;
				CLANG_WARN_DEPRECATED_OBJC_IMPLEMENTATIONS = YES;
				CLANG_WARN_DIRECT_OBJC_ISA_USAGE = YES_ERROR;
				CLANG_WARN_DOCUMENTATION_COMMENTS = YES;
				CLANG_WARN_EMPTY_BODY = YES;
				CLANG_WARN_ENUM_CONVERSION = YES;
				CLANG_WARN_INFINITE_RECURSION = YES;
				CLANG_WARN_INT_CONVERSION = YES;
				CLANG_WARN_NON_LITERAL_NULL_CONVERSION = YES;
				CLANG_WARN_OBJC_IMPLICIT_RETAIN_SELF = YES;
				CLANG_WARN_OBJC_LITERAL_CONVERSION = YES;
				CLANG_WARN_OBJC_ROOT_CLASS = YES_ERROR;
				CLANG_WARN_RANGE_LOOP_ANALYSIS = YES;
				CLANG_WARN_STRICT_PROTOTYPES = YES;
				CLANG_WARN_SUSPICIOUS_MOVE = YES;
				CLANG_WARN_UNGUARDED_AVAILABILITY = YES_AGGRESSIVE;
				CLANG_WARN_UNREACHABLE_CODE = YES;
				CLANG_WARN__DUPLICATE_METHOD_MATCH = YES;
				COPY_PHASE_STRIP = NO;
				DEBUG_INFORMATION_FORMAT = dwarf;
				ENABLE_STRICT_OBJC_MSGSEND = YES;
				ENABLE_TESTABILITY = YES;
				GCC_C_LANGUAGE_STANDARD = gnu11;
				GCC_DYNAMIC_NO_PIC = NO;
				GCC_NO_COMMON_BLOCKS = YES;
				GCC_OPTIMIZATION_LEVEL = 0;
				GCC_PREPROCESSOR_DEFINITIONS = (
					"DEBUG=1",
					"$(inherited)",
				);
				GCC_WARN_64_TO_32_BIT_CONVERSION = YES;
				GCC_WARN_ABOUT_RETURN_TYPE = YES_ERROR;
				GCC_WARN_UNDECLARED_SELECTOR = YES;
				GCC_WARN_UNINITIALIZED_AUTOS = YES_AGGRESSIVE;
				GCC_WARN_UNUSED_FUNCTION = YES;
				GCC_WARN_UNUSED_VARIABLE = YES;
				IPHONEOS_DEPLOYMENT_TARGET = 13.5;
				MTL_ENABLE_DEBUG_INFO = INCLUDE_SOURCE;
				MTL_FAST_MATH = YES;
				ONLY_ACTIVE_ARCH = YES;
				SDKROOT = iphoneos;
				SWIFT_ACTIVE_COMPILATION_CONDITIONS = DEBUG;
				SWIFT_OPTIMIZATION_LEVEL = "-Onone";
			};
			name = Debug;
		};
		A661D70724CCD4C700E59AE0 /* Release */ = {
			isa = XCBuildConfiguration;
			buildSettings = {
				ALWAYS_SEARCH_USER_PATHS = NO;
				CLANG_ANALYZER_NONNULL = YES;
				CLANG_ANALYZER_NUMBER_OBJECT_CONVERSION = YES_AGGRESSIVE;
				CLANG_CXX_LANGUAGE_STANDARD = "gnu++14";
				CLANG_CXX_LIBRARY = "libc++";
				CLANG_ENABLE_MODULES = YES;
				CLANG_ENABLE_OBJC_ARC = YES;
				CLANG_ENABLE_OBJC_WEAK = YES;
				CLANG_WARN_BLOCK_CAPTURE_AUTORELEASING = YES;
				CLANG_WARN_BOOL_CONVERSION = YES;
				CLANG_WARN_COMMA = YES;
				CLANG_WARN_CONSTANT_CONVERSION = YES;
				CLANG_WARN_DEPRECATED_OBJC_IMPLEMENTATIONS = YES;
				CLANG_WARN_DIRECT_OBJC_ISA_USAGE = YES_ERROR;
				CLANG_WARN_DOCUMENTATION_COMMENTS = YES;
				CLANG_WARN_EMPTY_BODY = YES;
				CLANG_WARN_ENUM_CONVERSION = YES;
				CLANG_WARN_INFINITE_RECURSION = YES;
				CLANG_WARN_INT_CONVERSION = YES;
				CLANG_WARN_NON_LITERAL_NULL_CONVERSION = YES;
				CLANG_WARN_OBJC_IMPLICIT_RETAIN_SELF = YES;
				CLANG_WARN_OBJC_LITERAL_CONVERSION = YES;
				CLANG_WARN_OBJC_ROOT_CLASS = YES_ERROR;
				CLANG_WARN_RANGE_LOOP_ANALYSIS = YES;
				CLANG_WARN_STRICT_PROTOTYPES = YES;
				CLANG_WARN_SUSPICIOUS_MOVE = YES;
				CLANG_WARN_UNGUARDED_AVAILABILITY = YES_AGGRESSIVE;
				CLANG_WARN_UNREACHABLE_CODE = YES;
				CLANG_WARN__DUPLICATE_METHOD_MATCH = YES;
				COPY_PHASE_STRIP = NO;
				DEBUG_INFORMATION_FORMAT = "dwarf-with-dsym";
				ENABLE_NS_ASSERTIONS = NO;
				ENABLE_STRICT_OBJC_MSGSEND = YES;
				GCC_C_LANGUAGE_STANDARD = gnu11;
				GCC_NO_COMMON_BLOCKS = YES;
				GCC_WARN_64_TO_32_BIT_CONVERSION = YES;
				GCC_WARN_ABOUT_RETURN_TYPE = YES_ERROR;
				GCC_WARN_UNDECLARED_SELECTOR = YES;
				GCC_WARN_UNINITIALIZED_AUTOS = YES_AGGRESSIVE;
				GCC_WARN_UNUSED_FUNCTION = YES;
				GCC_WARN_UNUSED_VARIABLE = YES;
				IPHONEOS_DEPLOYMENT_TARGET = 13.5;
				MTL_ENABLE_DEBUG_INFO = NO;
				MTL_FAST_MATH = YES;
				SDKROOT = iphoneos;
				SWIFT_COMPILATION_MODE = wholemodule;
				SWIFT_OPTIMIZATION_LEVEL = "-O";
				VALIDATE_PRODUCT = YES;
			};
			name = Release;
		};
		A661D70924CCD4C700E59AE0 /* Debug */ = {
			isa = XCBuildConfiguration;
			buildSettings = {
				ASSETCATALOG_COMPILER_APPICON_NAME = AppIcon;
				CODE_SIGN_STYLE = Automatic;
				DEVELOPMENT_ASSET_PATHS = "\"ComprasUSA/Preview Content\"";
				DEVELOPMENT_TEAM = F6HM2R394B;
				ENABLE_PREVIEWS = YES;
				INFOPLIST_FILE = ComprasUSA/Info.plist;
				LD_RUNPATH_SEARCH_PATHS = (
					"$(inherited)",
					"@executable_path/Frameworks",
				);
				PRODUCT_BUNDLE_IDENTIFIER = br.com.fiap.ComprasUSA;
				PRODUCT_NAME = "$(TARGET_NAME)";
				SWIFT_VERSION = 5.0;
				TARGETED_DEVICE_FAMILY = "1,2";
			};
			name = Debug;
		};
		A661D70A24CCD4C700E59AE0 /* Release */ = {
			isa = XCBuildConfiguration;
			buildSettings = {
				ASSETCATALOG_COMPILER_APPICON_NAME = AppIcon;
				CODE_SIGN_STYLE = Automatic;
				DEVELOPMENT_ASSET_PATHS = "\"ComprasUSA/Preview Content\"";
				DEVELOPMENT_TEAM = F6HM2R394B;
				ENABLE_PREVIEWS = YES;
				INFOPLIST_FILE = ComprasUSA/Info.plist;
				LD_RUNPATH_SEARCH_PATHS = (
					"$(inherited)",
					"@executable_path/Frameworks",
				);
				PRODUCT_BUNDLE_IDENTIFIER = br.com.fiap.ComprasUSA;
				PRODUCT_NAME = "$(TARGET_NAME)";
				SWIFT_VERSION = 5.0;
				TARGETED_DEVICE_FAMILY = "1,2";
			};
			name = Release;
		};
/* End XCBuildConfiguration section */

/* Begin XCConfigurationList section */
		A661D6EC24CCD4C600E59AE0 /* Build configuration list for PBXProject "ComprasUSA" */ = {
			isa = XCConfigurationList;
			buildConfigurations = (
				A661D70624CCD4C700E59AE0 /* Debug */,
				A661D70724CCD4C700E59AE0 /* Release */,
			);
			defaultConfigurationIsVisible = 0;
			defaultConfigurationName = Release;
		};
		A661D70824CCD4C700E59AE0 /* Build configuration list for PBXNativeTarget "ComprasUSA" */ = {
			isa = XCConfigurationList;
			buildConfigurations = (
				A661D70924CCD4C700E59AE0 /* Debug */,
				A661D70A24CCD4C700E59AE0 /* Release */,
			);
			defaultConfigurationIsVisible = 0;
			defaultConfigurationName = Release;
		};
/* End XCConfigurationList section */

/* Begin XCVersionGroup section */
		A661D6F824CCD4C600E59AE0 /* ComprasUSA.xcdatamodeld */ = {
			isa = XCVersionGroup;
			children = (
				A661D6F924CCD4C600E59AE0 /* ComprasUSA.xcdatamodel */,
			);
			currentVersion = A661D6F924CCD4C600E59AE0 /* ComprasUSA.xcdatamodel */;
			path = ComprasUSA.xcdatamodeld;
			sourceTree = "<group>";
			versionGroupType = wrapper.xcdatamodel;
		};
/* End XCVersionGroup section */
	};
	rootObject = A661D6E924CCD4C600E59AE0 /* Project object */;
}
